
Microsoft Visual Studio Solution File, Format Version 12.00
# Visual Studio Version 16
VisualStudioVersion = 16.0.31321.278
MinimumVisualStudioVersion = 10.0.40219.1
Project("{8BC9CEB8-8B4A-11D0-8D11-00A0C91BC942}") = "iKKKKK", "iKKKKK\iKKKKK.vcxproj", "{0ED17B3F-939B-4618-8D73-6F9FDE716CB7}"
EndProject
Global
	GlobalSection(SolutionConfigurationPlatforms) = preSolution
		Debug|x64 = Debug|x64
		Release|x64 = Release|x64
	EndGlobalSection
	GlobalSection(ProjectConfigurationPlatforms) = postSolution
		{0ED17B3F-939B-4618-8D73-6F9FDE716CB7}.Debug|x64.ActiveCfg = Debug|x64
		{0ED17B3F-939B-4618-8D73-6F9FDE716CB7}.Debug|x64.Build.0 = Debug|x64
		{0ED17B3F-939B-4618-8D73-6F9FDE716CB7}.Release|x64.ActiveCfg = Release|x64
		{0ED17B3F-939B-4618-8D73-6F9FDE716CB7}.Release|x64.Build.0 = Release|x64
	EndGlobalSection
	GlobalSection(SolutionProperties) = preSolution
		HideSolutionNode = FALSE
	EndGlobalSection
	GlobalSection(ExtensibilityGlobals) = postSolution
		SolutionGuid = {40C9EB23-C05F-4E5C-BC94-562045589571}
	EndGlobalSection
EndGlobal
